
Microsoft Visual Studio Solution File, Format Version 12.00
# Visual Studio 15
VisualStudioVersion = 15.0.27130.2020
MinimumVisualStudioVersion = 10.0.40219.1
Project("{E53339B2-1760-4266-BCC7-CA923CBCF16C}") = "docker-compose", "docker-compose.dcproj", "{520B1405-AC30-493A-8F04-6AA9B8FE2CDD}"
EndProject
Project("{9A19103F-16F7-4668-BE54-9A1E7A4F7556}") = "Test", "Test\Test.csproj", "{64E023F0-20EE-4C1B-A43B-4531DF26AEBB}"
EndProject
Project("{9A19103F-16F7-4668-BE54-9A1E7A4F7556}") = "Fritz.StreamTools", "Fritz.StreamTools\Fritz.StreamTools.csproj", "{060190DB-1910-4C59-A661-B537E26D417A}"
EndProject
Project("{2150E333-8FDC-42A3-9474-1A3956D46DE8}") = "SolutionFiles", "SolutionFiles", "{5119C9E8-5FEC-47D0-AE98-482BF4DFD1F6}"
	ProjectSection(SolutionItems) = preProject
		.editorconfig = .editorconfig
	EndProjectSection
EndProject
Project("{9A19103F-16F7-4668-BE54-9A1E7A4F7556}") = "StreamAnalytics", "StreamAnalytics\StreamAnalytics.csproj", "{65DF3EC8-34F7-4F02-B2F1-ECB65BC4B20E}"
EndProject
Project("{FAE04EC0-301F-11D3-BF4B-00C04F79EFBC}") = "Fritz.StreamLib.Core", "Fritz.StreamLib.Core\Fritz.StreamLib.Core.csproj", "{3D110AC8-1831-4251-9E36-F3C3DC9111D6}"
EndProject
Project("{FAE04EC0-301F-11D3-BF4B-00C04F79EFBC}") = "MixerLib", "MixerLib\MixerLib.csproj", "{6023C77F-F389-4F52-B638-909382916533}"
EndProject
Global
	GlobalSection(SolutionConfigurationPlatforms) = preSolution
		Debug|Any CPU = Debug|Any CPU
		Release|Any CPU = Release|Any CPU
	EndGlobalSection
	GlobalSection(ProjectConfigurationPlatforms) = postSolution
		{520B1405-AC30-493A-8F04-6AA9B8FE2CDD}.Debug|Any CPU.ActiveCfg = Debug|Any CPU
		{520B1405-AC30-493A-8F04-6AA9B8FE2CDD}.Debug|Any CPU.Build.0 = Debug|Any CPU
		{520B1405-AC30-493A-8F04-6AA9B8FE2CDD}.Release|Any CPU.ActiveCfg = Release|Any CPU
		{520B1405-AC30-493A-8F04-6AA9B8FE2CDD}.Release|Any CPU.Build.0 = Release|Any CPU
		{64E023F0-20EE-4C1B-A43B-4531DF26AEBB}.Debug|Any CPU.ActiveCfg = Debug|Any CPU
		{64E023F0-20EE-4C1B-A43B-4531DF26AEBB}.Debug|Any CPU.Build.0 = Debug|Any CPU
		{64E023F0-20EE-4C1B-A43B-4531DF26AEBB}.Release|Any CPU.ActiveCfg = Release|Any CPU
		{64E023F0-20EE-4C1B-A43B-4531DF26AEBB}.Release|Any CPU.Build.0 = Release|Any CPU
		{060190DB-1910-4C59-A661-B537E26D417A}.Debug|Any CPU.ActiveCfg = Debug|Any CPU
		{060190DB-1910-4C59-A661-B537E26D417A}.Debug|Any CPU.Build.0 = Debug|Any CPU
		{060190DB-1910-4C59-A661-B537E26D417A}.Release|Any CPU.ActiveCfg = Release|Any CPU
		{060190DB-1910-4C59-A661-B537E26D417A}.Release|Any CPU.Build.0 = Release|Any CPU
		{65DF3EC8-34F7-4F02-B2F1-ECB65BC4B20E}.Debug|Any CPU.ActiveCfg = Debug|Any CPU
		{65DF3EC8-34F7-4F02-B2F1-ECB65BC4B20E}.Debug|Any CPU.Build.0 = Debug|Any CPU
		{65DF3EC8-34F7-4F02-B2F1-ECB65BC4B20E}.Release|Any CPU.ActiveCfg = Release|Any CPU
		{65DF3EC8-34F7-4F02-B2F1-ECB65BC4B20E}.Release|Any CPU.Build.0 = Release|Any CPU
		{3D110AC8-1831-4251-9E36-F3C3DC9111D6}.Debug|Any CPU.ActiveCfg = Debug|Any CPU
		{3D110AC8-1831-4251-9E36-F3C3DC9111D6}.Debug|Any CPU.Build.0 = Debug|Any CPU
		{3D110AC8-1831-4251-9E36-F3C3DC9111D6}.Release|Any CPU.ActiveCfg = Release|Any CPU
		{3D110AC8-1831-4251-9E36-F3C3DC9111D6}.Release|Any CPU.Build.0 = Release|Any CPU
		{6023C77F-F389-4F52-B638-909382916533}.Debug|Any CPU.ActiveCfg = Debug|Any CPU
		{6023C77F-F389-4F52-B638-909382916533}.Debug|Any CPU.Build.0 = Debug|Any CPU
		{6023C77F-F389-4F52-B638-909382916533}.Release|Any CPU.ActiveCfg = Release|Any CPU
		{6023C77F-F389-4F52-B638-909382916533}.Release|Any CPU.Build.0 = Release|Any CPU
	EndGlobalSection
	GlobalSection(SolutionProperties) = preSolution
		HideSolutionNode = FALSE
	EndGlobalSection
	GlobalSection(ExtensibilityGlobals) = postSolution
		SolutionGuid = {79A921E3-C39B-44CB-B213-431F52F27754}
	EndGlobalSection
EndGlobal
