
Microsoft Visual Studio Solution File, Format Version 12.00
# Visual Studio 15
VisualStudioVersion = 15.0.27130.2020
MinimumVisualStudioVersion = 10.0.40219.1
Project("{9A19103F-16F7-4668-BE54-9A1E7A4F7556}") = "Fritz.StreamTools", "Fritz.StreamTools\Fritz.StreamTools.csproj", "{060190DB-1910-4C59-A661-B537E26D417A}"
EndProject
Project("{2150E333-8FDC-42A3-9474-1A3956D46DE8}") = "SolutionFiles", "SolutionFiles", "{5119C9E8-5FEC-47D0-AE98-482BF4DFD1F6}"
	ProjectSection(SolutionItems) = preProject
		.dockerignore = .dockerignore
		.editorconfig = .editorconfig
		.gitattributes = .gitattributes
		.gitignore = .gitignore
		build.cmd = build.cmd
		docker-compose.ci.build.yml = docker-compose.ci.build.yml
		docker-compose.override.yml = docker-compose.override.yml
		docker-compose.yml = docker-compose.yml
		LICENSE = LICENSE
		README.md = README.md
	EndProjectSection
EndProject
Project("{9A19103F-16F7-4668-BE54-9A1E7A4F7556}") = "StreamAnalytics", "StreamAnalytics\StreamAnalytics.csproj", "{65DF3EC8-34F7-4F02-B2F1-ECB65BC4B20E}"
EndProject
Project("{9A19103F-16F7-4668-BE54-9A1E7A4F7556}") = "Fritz.StreamLib.Core", "Fritz.StreamLib.Core\Fritz.StreamLib.Core.csproj", "{3D5AA800-4C89-4255-AB04-D49EE2F5C704}"
EndProject
Project("{9A19103F-16F7-4668-BE54-9A1E7A4F7556}") = "Fritz.Chatbot", "Fritz.Chatbot\Fritz.Chatbot.csproj", "{3C9F654B-C862-4BAC-8254-6BE5B295A4B6}"
EndProject
Project("{9A19103F-16F7-4668-BE54-9A1E7A4F7556}") = "Fritz.Twitch", "Fritz.Twitch\Fritz.Twitch.csproj", "{28D6D34A-3F6E-40B3-B62A-20F90D281C7D}"
EndProject
Project("{FAE04EC0-301F-11D3-BF4B-00C04F79EFBC}") = "Fritz.Models", "Fritz.Models\Fritz.Models.csproj", "{61288D3A-D435-4C13-B009-770C4185E3F5}"
EndProject
Global
	GlobalSection(SolutionConfigurationPlatforms) = preSolution
		Debug|Any CPU = Debug|Any CPU
		Release|Any CPU = Release|Any CPU
	EndGlobalSection
	GlobalSection(ProjectConfigurationPlatforms) = postSolution
		{060190DB-1910-4C59-A661-B537E26D417A}.Debug|Any CPU.ActiveCfg = Debug|Any CPU
		{060190DB-1910-4C59-A661-B537E26D417A}.Debug|Any CPU.Build.0 = Debug|Any CPU
		{060190DB-1910-4C59-A661-B537E26D417A}.Release|Any CPU.ActiveCfg = Release|Any CPU
		{060190DB-1910-4C59-A661-B537E26D417A}.Release|Any CPU.Build.0 = Release|Any CPU
		{65DF3EC8-34F7-4F02-B2F1-ECB65BC4B20E}.Debug|Any CPU.ActiveCfg = Debug|Any CPU
		{65DF3EC8-34F7-4F02-B2F1-ECB65BC4B20E}.Debug|Any CPU.Build.0 = Debug|Any CPU
		{65DF3EC8-34F7-4F02-B2F1-ECB65BC4B20E}.Release|Any CPU.ActiveCfg = Release|Any CPU
		{65DF3EC8-34F7-4F02-B2F1-ECB65BC4B20E}.Release|Any CPU.Build.0 = Release|Any CPU
		{3D5AA800-4C89-4255-AB04-D49EE2F5C704}.Debug|Any CPU.ActiveCfg = Debug|Any CPU
		{3D5AA800-4C89-4255-AB04-D49EE2F5C704}.Debug|Any CPU.Build.0 = Debug|Any CPU
		{3D5AA800-4C89-4255-AB04-D49EE2F5C704}.Release|Any CPU.ActiveCfg = Release|Any CPU
		{3D5AA800-4C89-4255-AB04-D49EE2F5C704}.Release|Any CPU.Build.0 = Release|Any CPU
		{3C9F654B-C862-4BAC-8254-6BE5B295A4B6}.Debug|Any CPU.ActiveCfg = Debug|Any CPU
		{3C9F654B-C862-4BAC-8254-6BE5B295A4B6}.Debug|Any CPU.Build.0 = Debug|Any CPU
		{3C9F654B-C862-4BAC-8254-6BE5B295A4B6}.Release|Any CPU.ActiveCfg = Release|Any CPU
		{3C9F654B-C862-4BAC-8254-6BE5B295A4B6}.Release|Any CPU.Build.0 = Release|Any CPU
		{28D6D34A-3F6E-40B3-B62A-20F90D281C7D}.Debug|Any CPU.ActiveCfg = Debug|Any CPU
		{28D6D34A-3F6E-40B3-B62A-20F90D281C7D}.Debug|Any CPU.Build.0 = Debug|Any CPU
		{28D6D34A-3F6E-40B3-B62A-20F90D281C7D}.Release|Any CPU.ActiveCfg = Release|Any CPU
		{28D6D34A-3F6E-40B3-B62A-20F90D281C7D}.Release|Any CPU.Build.0 = Release|Any CPU
		{61288D3A-D435-4C13-B009-770C4185E3F5}.Debug|Any CPU.ActiveCfg = Debug|Any CPU
		{61288D3A-D435-4C13-B009-770C4185E3F5}.Debug|Any CPU.Build.0 = Debug|Any CPU
		{61288D3A-D435-4C13-B009-770C4185E3F5}.Release|Any CPU.ActiveCfg = Release|Any CPU
		{61288D3A-D435-4C13-B009-770C4185E3F5}.Release|Any CPU.Build.0 = Release|Any CPU
	EndGlobalSection
	GlobalSection(SolutionProperties) = preSolution
		HideSolutionNode = FALSE
	EndGlobalSection
	GlobalSection(ExtensibilityGlobals) = postSolution
		SolutionGuid = {79A921E3-C39B-44CB-B213-431F52F27754}
	EndGlobalSection
EndGlobal
